
Microsoft Visual Studio Solution File, Format Version 12.00
# Visual Studio Version 16
VisualStudioVersion = 16.0.33214.272
MinimumVisualStudioVersion = 10.0.40219.1
Project("{FAE04EC0-301F-11D3-BF4B-00C04F79EFBC}") = "Guids", "Guids\Guids.csproj", "{B78CA33B-155B-477C-BE0E-A1A791C82701}"
EndProject
Global
	GlobalSection(SolutionConfigurationPlatforms) = preSolution
		Debug|Any CPU = Debug|Any CPU
		Release|Any CPU = Release|Any CPU
	EndGlobalSection
	GlobalSection(ProjectConfigurationPlatforms) = postSolution
		{B78CA33B-155B-477C-BE0E-A1A791C82701}.Debug|Any CPU.ActiveCfg = Debug|Any CPU
		{B78CA33B-155B-477C-BE0E-A1A791C82701}.Debug|Any CPU.Build.0 = Debug|Any CPU
		{B78CA33B-155B-477C-BE0E-A1A791C82701}.Release|Any CPU.ActiveCfg = Release|Any CPU
		{B78CA33B-155B-477C-BE0E-A1A791C82701}.Release|Any CPU.Build.0 = Release|Any CPU
	EndGlobalSection
	GlobalSection(SolutionProperties) = preSolution
		HideSolutionNode = FALSE
	EndGlobalSection
	GlobalSection(ExtensibilityGlobals) = postSolution
		SolutionGuid = {6FED3F16-C026-4810-96AC-DC09F19C8A8D}
	EndGlobalSection
EndGlobal
