
Microsoft Visual Studio Solution File, Format Version 12.00
# Visual Studio Version 16
VisualStudioVersion = 16.0.33214.272
MinimumVisualStudioVersion = 10.0.40219.1
Project("{FAE04EC0-301F-11D3-BF4B-00C04F79EFBC}") = "ConverteUmaStringEmMaiusOuMinu", "ConverteUmaStringEmMaiusOuMinu\ConverteUmaStringEmMaiusOuMinu.csproj", "{C1A135C7-BCBD-44BF-9E86-883AD299633D}"
EndProject
Global
	GlobalSection(SolutionConfigurationPlatforms) = preSolution
		Debug|Any CPU = Debug|Any CPU
		Release|Any CPU = Release|Any CPU
	EndGlobalSection
	GlobalSection(ProjectConfigurationPlatforms) = postSolution
		{C1A135C7-BCBD-44BF-9E86-883AD299633D}.Debug|Any CPU.ActiveCfg = Debug|Any CPU
		{C1A135C7-BCBD-44BF-9E86-883AD299633D}.Debug|Any CPU.Build.0 = Debug|Any CPU
		{C1A135C7-BCBD-44BF-9E86-883AD299633D}.Release|Any CPU.ActiveCfg = Release|Any CPU
		{C1A135C7-BCBD-44BF-9E86-883AD299633D}.Release|Any CPU.Build.0 = Release|Any CPU
	EndGlobalSection
	GlobalSection(SolutionProperties) = preSolution
		HideSolutionNode = FALSE
	EndGlobalSection
	GlobalSection(ExtensibilityGlobals) = postSolution
		SolutionGuid = {B4F99117-5484-4CA2-A53A-102CFFB440B8}
	EndGlobalSection
EndGlobal
