
Microsoft Visual Studio Solution File, Format Version 12.00
# Visual Studio Version 16
VisualStudioVersion = 16.0.33328.57
MinimumVisualStudioVersion = 10.0.40219.1
Project("{FAE04EC0-301F-11D3-BF4B-00C04F79EFBC}") = "ProjectBlog", "ProjectBlog\ProjectBlog.csproj", "{DF61FE35-4967-4A80-830C-546A85EEA3A6}"
EndProject
Global
	GlobalSection(SolutionConfigurationPlatforms) = preSolution
		Debug|Any CPU = Debug|Any CPU
		Release|Any CPU = Release|Any CPU
	EndGlobalSection
	GlobalSection(ProjectConfigurationPlatforms) = postSolution
		{DF61FE35-4967-4A80-830C-546A85EEA3A6}.Debug|Any CPU.ActiveCfg = Debug|Any CPU
		{DF61FE35-4967-4A80-830C-546A85EEA3A6}.Debug|Any CPU.Build.0 = Debug|Any CPU
		{DF61FE35-4967-4A80-830C-546A85EEA3A6}.Release|Any CPU.ActiveCfg = Release|Any CPU
		{DF61FE35-4967-4A80-830C-546A85EEA3A6}.Release|Any CPU.Build.0 = Release|Any CPU
	EndGlobalSection
	GlobalSection(SolutionProperties) = preSolution
		HideSolutionNode = FALSE
	EndGlobalSection
	GlobalSection(ExtensibilityGlobals) = postSolution
		SolutionGuid = {7B88D05D-34AD-4F3C-A460-7CDBF8837617}
	EndGlobalSection
EndGlobal
