
Microsoft Visual Studio Solution File, Format Version 12.00
# Visual Studio Version 16
VisualStudioVersion = 16.0.33214.272
MinimumVisualStudioVersion = 10.0.40219.1
Project("{FAE04EC0-301F-11D3-BF4B-00C04F79EFBC}") = "Exercicio1", "Exercicio1\Exercicio1.csproj", "{4661DDE4-D919-4927-A610-7542EBD78850}"
EndProject
Global
	GlobalSection(SolutionConfigurationPlatforms) = preSolution
		Debug|Any CPU = Debug|Any CPU
		Release|Any CPU = Release|Any CPU
	EndGlobalSection
	GlobalSection(ProjectConfigurationPlatforms) = postSolution
		{4661DDE4-D919-4927-A610-7542EBD78850}.Debug|Any CPU.ActiveCfg = Debug|Any CPU
		{4661DDE4-D919-4927-A610-7542EBD78850}.Debug|Any CPU.Build.0 = Debug|Any CPU
		{4661DDE4-D919-4927-A610-7542EBD78850}.Release|Any CPU.ActiveCfg = Release|Any CPU
		{4661DDE4-D919-4927-A610-7542EBD78850}.Release|Any CPU.Build.0 = Release|Any CPU
	EndGlobalSection
	GlobalSection(SolutionProperties) = preSolution
		HideSolutionNode = FALSE
	EndGlobalSection
	GlobalSection(ExtensibilityGlobals) = postSolution
		SolutionGuid = {E8426E6D-1E07-41DE-9C79-C8574936FEA1}
	EndGlobalSection
EndGlobal
