
Microsoft Visual Studio Solution File, Format Version 12.00
# Visual Studio Version 16
VisualStudioVersion = 16.0.33529.622
MinimumVisualStudioVersion = 10.0.40219.1
Project("{FAE04EC0-301F-11D3-BF4B-00C04F79EFBC}") = "ProjetoPDV.Web", "PretoPDV.Web\ProjetoPDV.Web.csproj", "{EEE87D11-6FE8-4013-AAE8-A828DD98B9A4}"
EndProject
Global
	GlobalSection(SolutionConfigurationPlatforms) = preSolution
		Debug|Any CPU = Debug|Any CPU
		Release|Any CPU = Release|Any CPU
	EndGlobalSection
	GlobalSection(ProjectConfigurationPlatforms) = postSolution
		{EEE87D11-6FE8-4013-AAE8-A828DD98B9A4}.Debug|Any CPU.ActiveCfg = Debug|Any CPU
		{EEE87D11-6FE8-4013-AAE8-A828DD98B9A4}.Debug|Any CPU.Build.0 = Debug|Any CPU
		{EEE87D11-6FE8-4013-AAE8-A828DD98B9A4}.Release|Any CPU.ActiveCfg = Release|Any CPU
		{EEE87D11-6FE8-4013-AAE8-A828DD98B9A4}.Release|Any CPU.Build.0 = Release|Any CPU
	EndGlobalSection
	GlobalSection(SolutionProperties) = preSolution
		HideSolutionNode = FALSE
	EndGlobalSection
	GlobalSection(ExtensibilityGlobals) = postSolution
		SolutionGuid = {ACBEA370-D48F-4B43-96BC-0CCD679E019B}
	EndGlobalSection
EndGlobal
